
Microsoft Visual Studio Solution File, Format Version 12.00
# Visual Studio 15
VisualStudioVersion = 15.0.27703.2035
MinimumVisualStudioVersion = 10.0.40219.1
Project("{F184B08F-C81C-45F6-A57F-5ABD9991F28F}") = "EEPROM Writer", "EEPROM Writer\EEPROM Writer.vbproj", "{ED356D65-86F3-41B8-90F1-FBA399EE1B81}"
EndProject
Global
	GlobalSection(SolutionConfigurationPlatforms) = preSolution
		Debug|Any CPU = Debug|Any CPU
		Release|Any CPU = Release|Any CPU
	EndGlobalSection
	GlobalSection(ProjectConfigurationPlatforms) = postSolution
		{ED356D65-86F3-41B8-90F1-FBA399EE1B81}.Debug|Any CPU.ActiveCfg = Debug|Any CPU
		{ED356D65-86F3-41B8-90F1-FBA399EE1B81}.Debug|Any CPU.Build.0 = Debug|Any CPU
		{ED356D65-86F3-41B8-90F1-FBA399EE1B81}.Release|Any CPU.ActiveCfg = Release|Any CPU
		{ED356D65-86F3-41B8-90F1-FBA399EE1B81}.Release|Any CPU.Build.0 = Release|Any CPU
	EndGlobalSection
	GlobalSection(SolutionProperties) = preSolution
		HideSolutionNode = FALSE
	EndGlobalSection
	GlobalSection(ExtensibilityGlobals) = postSolution
		SolutionGuid = {B9BAED8A-844B-4412-A3A5-071824EFE681}
	EndGlobalSection
EndGlobal
